
Microsoft Visual Studio Solution File, Format Version 12.00
# Visual Studio Version 16
VisualStudioVersion = 16.0.32510.428
MinimumVisualStudioVersion = 10.0.40219.1
Project("{8BC9CEB8-8B4A-11D0-8D11-00A0C91BC942}") = "mjtest", "mjtest.vcxproj", "{936303F1-EA61-4C3F-BFB4-A0E8B2420544}"
EndProject
Global
	GlobalSection(SolutionConfigurationPlatforms) = preSolution
		Debug|x64 = Debug|x64
		Debug|x86 = Debug|x86
		Release|x64 = Release|x64
		Release|x86 = Release|x86
	EndGlobalSection
	GlobalSection(ProjectConfigurationPlatforms) = postSolution
		{936303F1-EA61-4C3F-BFB4-A0E8B2420544}.Debug|x64.ActiveCfg = Debug|x64
		{936303F1-EA61-4C3F-BFB4-A0E8B2420544}.Debug|x64.Build.0 = Debug|x64
		{936303F1-EA61-4C3F-BFB4-A0E8B2420544}.Debug|x86.ActiveCfg = Debug|Win32
		{936303F1-EA61-4C3F-BFB4-A0E8B2420544}.Debug|x86.Build.0 = Debug|Win32
		{936303F1-EA61-4C3F-BFB4-A0E8B2420544}.Release|x64.ActiveCfg = Release|x64
		{936303F1-EA61-4C3F-BFB4-A0E8B2420544}.Release|x64.Build.0 = Release|x64
		{936303F1-EA61-4C3F-BFB4-A0E8B2420544}.Release|x86.ActiveCfg = Release|Win32
		{936303F1-EA61-4C3F-BFB4-A0E8B2420544}.Release|x86.Build.0 = Release|Win32
	EndGlobalSection
	GlobalSection(SolutionProperties) = preSolution
		HideSolutionNode = FALSE
	EndGlobalSection
	GlobalSection(ExtensibilityGlobals) = postSolution
		SolutionGuid = {EE6A746A-AA26-4B2E-B1E5-04D31193C5DA}
	EndGlobalSection
EndGlobal
